
Microsoft Visual Studio Solution File, Format Version 12.00
# Visual Studio Version 17
VisualStudioVersion = 17.5.33502.453
MinimumVisualStudioVersion = 10.0.40219.1
Project("{2150E333-8FDC-42A3-9474-1A3956D46DE8}") = "Internal", "Internal", "{7D705324-412B-4EE8-8315-D8C5FF680A9A}"
	ProjectSection(SolutionItems) = preProject
		Internal\.editorconfig = Internal\.editorconfig
	EndProjectSection
EndProject
Project("{2150E333-8FDC-42A3-9474-1A3956D46DE8}") = "Scripts", "Scripts", "{6A923AB4-A122-4D62-9347-9B43E26BC2B5}"
EndProject
Project("{2150E333-8FDC-42A3-9474-1A3956D46DE8}") = "Dlls", "Dlls", "{30F868B5-A693-4CA1-94E9-99F477B34262}"
	ProjectSection(SolutionItems) = preProject
		Dlls\ABOUT.md = Dlls\ABOUT.md
	EndProjectSection
EndProject
Project("{2150E333-8FDC-42A3-9474-1A3956D46DE8}") = "CompanionFiles", "CompanionFiles", "{96204E3F-5120-4547-9DAE-41FADC3C4F97}"
EndProject
Project("{2150E333-8FDC-42A3-9474-1A3956D46DE8}") = "Skyline DataMiner", "Skyline DataMiner", "{693E43C6-8A60-4820-AFC3-DA68998552B9}"
	ProjectSection(SolutionItems) = preProject
		CompanionFiles\Skyline DataMiner\AboutThisFolder.md = CompanionFiles\Skyline DataMiner\AboutThisFolder.md
	EndProjectSection
EndProject
Project("{2150E333-8FDC-42A3-9474-1A3956D46DE8}") = "Documentation", "Documentation", "{622D8FA8-201C-4ADC-B84E-FC1078B53FE6}"
	ProjectSection(SolutionItems) = preProject
		Documentation\ABOUT.md = Documentation\ABOUT.md
		README.md = README.md
	EndProjectSection
EndProject
Project("{2150E333-8FDC-42A3-9474-1A3956D46DE8}") = "Tests", "Tests", "{F8938D60-51A0-4880-9CFC-19C66379BB5D}"
EndProject
Project("{2150E333-8FDC-42A3-9474-1A3956D46DE8}") = "Code Analysis", "Code Analysis", "{431A5CDB-D62B-4756-B75B-95AB6AD119A5}"
	ProjectSection(SolutionItems) = preProject
		Internal\Code Analysis\qaction-debug.ruleset = Internal\Code Analysis\qaction-debug.ruleset
		Internal\Code Analysis\qaction-release.ruleset = Internal\Code Analysis\qaction-release.ruleset
		Internal\Code Analysis\stylecop.json = Internal\Code Analysis\stylecop.json
	EndProjectSection
EndProject
Project("{2150E333-8FDC-42A3-9474-1A3956D46DE8}") = "SetAlarmProperty", "SetAlarmProperty", "{AF271D21-7D87-40B8-B7F7-4B0A969A9030}"
	ProjectSection(SolutionItems) = preProject
		SetAlarmProperty.xml = SetAlarmProperty.xml
	EndProjectSection
EndProject
Project("{2150E333-8FDC-42A3-9474-1A3956D46DE8}") = "Actions", "Actions", "{BC1B2279-E31E-426B-B455-3A0AC45134F5}"
EndProject
Project("{9A19103F-16F7-4668-BE54-9A1E7A4F7556}") = "SetAlarmProperty_1", "SetAlarmProperty_1\SetAlarmProperty_1.csproj", "{7CB9CA82-EA28-4B3A-AB12-A7EAF835A5C1}"
EndProject
Global
	GlobalSection(SolutionConfigurationPlatforms) = preSolution
		Debug|Any CPU = Debug|Any CPU
		Release|Any CPU = Release|Any CPU
	EndGlobalSection
	GlobalSection(ProjectConfigurationPlatforms) = postSolution
		{7CB9CA82-EA28-4B3A-AB12-A7EAF835A5C1}.Debug|Any CPU.ActiveCfg = Debug|Any CPU
		{7CB9CA82-EA28-4B3A-AB12-A7EAF835A5C1}.Debug|Any CPU.Build.0 = Debug|Any CPU
		{7CB9CA82-EA28-4B3A-AB12-A7EAF835A5C1}.Release|Any CPU.ActiveCfg = Release|Any CPU
		{7CB9CA82-EA28-4B3A-AB12-A7EAF835A5C1}.Release|Any CPU.Build.0 = Release|Any CPU
	EndGlobalSection
	GlobalSection(SolutionProperties) = preSolution
		HideSolutionNode = FALSE
	EndGlobalSection
	GlobalSection(NestedProjects) = preSolution
		{693E43C6-8A60-4820-AFC3-DA68998552B9} = {96204E3F-5120-4547-9DAE-41FADC3C4F97}
		{431A5CDB-D62B-4756-B75B-95AB6AD119A5} = {7D705324-412B-4EE8-8315-D8C5FF680A9A}
		{AF271D21-7D87-40B8-B7F7-4B0A969A9030} = {6A923AB4-A122-4D62-9347-9B43E26BC2B5}
		{BC1B2279-E31E-426B-B455-3A0AC45134F5} = {AF271D21-7D87-40B8-B7F7-4B0A969A9030}
		{7CB9CA82-EA28-4B3A-AB12-A7EAF835A5C1} = {BC1B2279-E31E-426B-B455-3A0AC45134F5}
	EndGlobalSection
	GlobalSection(ExtensibilityGlobals) = postSolution
		SolutionGuid = {8D6D6901-9C85-4D04-859C-47C0B9381BA9}
	EndGlobalSection
EndGlobal
